{
  "name": "flow-ignore-dev-deps/no-flowconfig",
  "version": "0.0.1",
  "lockfileVersion": 1,
  "requires": true,
  "dependencies": {
    "flow-config-parser": {
      "version": "0.3.0",
      "dev": true,
      "resolved": "https://registry.npmjs.org/flow-config-parser/-/flow-config-parser-0.3.0.tgz",
      "integrity": "sha1-cEkW77qIzSUYq02PkzB5VxJ2E48="
    }
  }
}
